
Microsoft Visual Studio Solution File, Format Version 12.00
# Visual Studio 15
VisualStudioVersion = 15.0.28307.572
MinimumVisualStudioVersion = 10.0.40219.1
Project("{8BC9CEB8-8B4A-11D0-8D11-00A0C91BC942}") = "Solution", "Solution\Solution.vcxproj", "{C2C63987-2DD2-4692-B035-0D2B6A1713C7}"
EndProject
Global
	GlobalSection(SolutionConfigurationPlatforms) = preSolution
		Debug|x64 = Debug|x64
		Debug|x86 = Debug|x86
		Release|x64 = Release|x64
		Release|x86 = Release|x86
	EndGlobalSection
	GlobalSection(ProjectConfigurationPlatforms) = postSolution
		{C2C63987-2DD2-4692-B035-0D2B6A1713C7}.Debug|x64.ActiveCfg = Debug|x64
		{C2C63987-2DD2-4692-B035-0D2B6A1713C7}.Debug|x64.Build.0 = Debug|x64
		{C2C63987-2DD2-4692-B035-0D2B6A1713C7}.Debug|x86.ActiveCfg = Debug|Win32
		{C2C63987-2DD2-4692-B035-0D2B6A1713C7}.Debug|x86.Build.0 = Debug|Win32
		{C2C63987-2DD2-4692-B035-0D2B6A1713C7}.Release|x64.ActiveCfg = Release|x64
		{C2C63987-2DD2-4692-B035-0D2B6A1713C7}.Release|x64.Build.0 = Release|x64
		{C2C63987-2DD2-4692-B035-0D2B6A1713C7}.Release|x86.ActiveCfg = Release|Win32
		{C2C63987-2DD2-4692-B035-0D2B6A1713C7}.Release|x86.Build.0 = Release|Win32
	EndGlobalSection
	GlobalSection(SolutionProperties) = preSolution
		HideSolutionNode = FALSE
	EndGlobalSection
	GlobalSection(ExtensibilityGlobals) = postSolution
		SolutionGuid = {A22416A8-1448-4A95-A710-C7FD120E1ADA}
	EndGlobalSection
EndGlobal
